// !$*UTF8*$!
{
	archiveVersion = 1;
	classes = {
	};
	objectVersion = 46;
	objects = {

/* Begin PBXBuildFile section */
		C13C30CA1E6CF05B006535BC /* Assets.xcassets in Resources */ = {isa = PBXBuildFile; fileRef = C13C30C91E6CF05B006535BC /* Assets.xcassets */; };
		C13C30D81E6CF05B006535BC /* _____Tests.m in Sources */ = {isa = PBXBuildFile; fileRef = C13C30D71E6CF05B006535BC /* _____Tests.m */; };
		C13C30E31E6CF05B006535BC /* _____UITests.m in Sources */ = {isa = PBXBuildFile; fileRef = C13C30E21E6CF05B006535BC /* _____UITests.m */; };
		C15EA6B01E6E95FC00B0186B /* DWEssenceViewController.m in Sources */ = {isa = PBXBuildFile; fileRef = C15EA68B1E6E95FC00B0186B /* DWEssenceViewController.m */; };
		C15EA6B11E6E95FC00B0186B /* DWFriendTrendsViewController.m in Sources */ = {isa = PBXBuildFile; fileRef = C15EA6911E6E95FC00B0186B /* DWFriendTrendsViewController.m */; };
		C15EA6B21E6E95FC00B0186B /* DWMeViewController.m in Sources */ = {isa = PBXBuildFile; fileRef = C15EA6971E6E95FC00B0186B /* DWMeViewController.m */; };
		C15EA6B31E6E95FC00B0186B /* DWNewViewController.m in Sources */ = {isa = PBXBuildFile; fileRef = C15EA69D1E6E95FC00B0186B /* DWNewViewController.m */; };
		C15EA6B41E6E95FC00B0186B /* AppDelegate.m in Sources */ = {isa = PBXBuildFile; fileRef = C15EA6A21E6E95FC00B0186B /* AppDelegate.m */; };
		C15EA6B51E6E95FC00B0186B /* UIBarButtonItem+DWExtension.m in Sources */ = {isa = PBXBuildFile; fileRef = C15EA6A51E6E95FC00B0186B /* UIBarButtonItem+DWExtension.m */; };
		C15EA6B61E6E95FC00B0186B /* UIView+DWExtension.m in Sources */ = {isa = PBXBuildFile; fileRef = C15EA6A71E6E95FC00B0186B /* UIView+DWExtension.m */; };
		C15EA6B71E6E95FC00B0186B /* DWTabBarController.m in Sources */ = {isa = PBXBuildFile; fileRef = C15EA6AA1E6E95FC00B0186B /* DWTabBarController.m */; };
		C15EA6B81E6E95FC00B0186B /* main.m in Sources */ = {isa = PBXBuildFile; fileRef = C15EA6AB1E6E95FC00B0186B /* main.m */; };
		C15EA6B91E6E95FC00B0186B /* DWTabBar.m in Sources */ = {isa = PBXBuildFile; fileRef = C15EA6AF1E6E95FC00B0186B /* DWTabBar.m */; };
		C15EA6BC1E6EA78A00B0186B /* DWNavigationController.m in Sources */ = {isa = PBXBuildFile; fileRef = C15EA6BB1E6EA78A00B0186B /* DWNavigationController.m */; };
		C17DD0321E70EFF400FB8963 /* DWRecommentViewController.m in Sources */ = {isa = PBXBuildFile; fileRef = C17DD0301E70EFF400FB8963 /* DWRecommentViewController.m */; };
		C17DD0331E70EFF400FB8963 /* DWRecommentViewController.xib in Resources */ = {isa = PBXBuildFile; fileRef = C17DD0311E70EFF400FB8963 /* DWRecommentViewController.xib */; };
		C17DD0361E711F2600FB8963 /* DWRecommendCategory.m in Sources */ = {isa = PBXBuildFile; fileRef = C17DD0351E711F2600FB8963 /* DWRecommendCategory.m */; };
		C17DD03A1E71235800FB8963 /* DWRecommendCategoryCell.m in Sources */ = {isa = PBXBuildFile; fileRef = C17DD0381E71235800FB8963 /* DWRecommendCategoryCell.m */; };
		C17DD03B1E71235800FB8963 /* DWRecommendCategoryCell.xib in Resources */ = {isa = PBXBuildFile; fileRef = C17DD0391E71235800FB8963 /* DWRecommendCategoryCell.xib */; };
		C1A538221E702DA40001852C /* DWFriendTrendsViewController.xib in Resources */ = {isa = PBXBuildFile; fileRef = C1A538211E702DA40001852C /* DWFriendTrendsViewController.xib */; };
		DD2737EA138234DE2E83B655 /* Pods______.framework in Frameworks */ = {isa = PBXBuildFile; fileRef = 4C59960962CEF76C6A1F5CE5 /* Pods______.framework */; };
/* End PBXBuildFile section */

/* Begin PBXContainerItemProxy section */
		C13C30D41E6CF05B006535BC /* PBXContainerItemProxy */ = {
			isa = PBXContainerItemProxy;
			containerPortal = C13C30B21E6CF05A006535BC /* Project object */;
			proxyType = 1;
			remoteGlobalIDString = C13C30B91E6CF05A006535BC;
			remoteInfo = "百思不得姐";
		};
		C13C30DF1E6CF05B006535BC /* PBXContainerItemProxy */ = {
			isa = PBXContainerItemProxy;
			containerPortal = C13C30B21E6CF05A006535BC /* Project object */;
			proxyType = 1;
			remoteGlobalIDString = C13C30B91E6CF05A006535BC;
			remoteInfo = "百思不得姐";
		};
/* End PBXContainerItemProxy section */

/* Begin PBXFileReference section */
		4C59960962CEF76C6A1F5CE5 /* Pods______.framework */ = {isa = PBXFileReference; explicitFileType = wrapper.framework; includeInIndex = 0; path = "Pods______.framework"; sourceTree = BUILT_PRODUCTS_DIR; };
		790C5F0B0E02251BECFC3ED0 /* Pods-百思不得姐.debug.xcconfig */ = {isa = PBXFileReference; includeInIndex = 1; lastKnownFileType = text.xcconfig; name = "Pods-百思不得姐.debug.xcconfig"; path = "Pods/Target Support Files/Pods-百思不得姐/Pods-百思不得姐.debug.xcconfig"; sourceTree = "<group>"; };
		C13C30BA1E6CF05B006535BC /* 百思不得姐.app */ = {isa = PBXFileReference; explicitFileType = wrapper.application; includeInIndex = 0; path = "百思不得姐.app"; sourceTree = BUILT_PRODUCTS_DIR; };
		C13C30C91E6CF05B006535BC /* Assets.xcassets */ = {isa = PBXFileReference; lastKnownFileType = folder.assetcatalog; path = Assets.xcassets; sourceTree = "<group>"; };
		C13C30CE1E6CF05B006535BC /* Info.plist */ = {isa = PBXFileReference; lastKnownFileType = text.plist.xml; path = Info.plist; sourceTree = "<group>"; };
		C13C30D31E6CF05B006535BC /* 百思不得姐Tests.xctest */ = {isa = PBXFileReference; explicitFileType = wrapper.cfbundle; includeInIndex = 0; path = "百思不得姐Tests.xctest"; sourceTree = BUILT_PRODUCTS_DIR; };
		C13C30D71E6CF05B006535BC /* _____Tests.m */ = {isa = PBXFileReference; lastKnownFileType = sourcecode.c.objc; path = "_____Tests.m"; sourceTree = "<group>"; };
		C13C30D91E6CF05B006535BC /* Info.plist */ = {isa = PBXFileReference; lastKnownFileType = text.plist.xml; path = Info.plist; sourceTree = "<group>"; };
		C13C30DE1E6CF05B006535BC /* 百思不得姐UITests.xctest */ = {isa = PBXFileReference; explicitFileType = wrapper.cfbundle; includeInIndex = 0; path = "百思不得姐UITests.xctest"; sourceTree = BUILT_PRODUCTS_DIR; };
		C13C30E21E6CF05B006535BC /* _____UITests.m */ = {isa = PBXFileReference; lastKnownFileType = sourcecode.c.objc; path = "_____UITests.m"; sourceTree = "<group>"; };
		C13C30E41E6CF05B006535BC /* Info.plist */ = {isa = PBXFileReference; lastKnownFileType = text.plist.xml; path = Info.plist; sourceTree = "<group>"; };
		C15EA68A1E6E95FC00B0186B /* DWEssenceViewController.h */ = {isa = PBXFileReference; fileEncoding = 4; lastKnownFileType = sourcecode.c.h; path = DWEssenceViewController.h; sourceTree = "<group>"; };
		C15EA68B1E6E95FC00B0186B /* DWEssenceViewController.m */ = {isa = PBXFileReference; fileEncoding = 4; lastKnownFileType = sourcecode.c.objc; path = DWEssenceViewController.m; sourceTree = "<group>"; };
		C15EA6901E6E95FC00B0186B /* DWFriendTrendsViewController.h */ = {isa = PBXFileReference; fileEncoding = 4; lastKnownFileType = sourcecode.c.h; path = DWFriendTrendsViewController.h; sourceTree = "<group>"; };
		C15EA6911E6E95FC00B0186B /* DWFriendTrendsViewController.m */ = {isa = PBXFileReference; fileEncoding = 4; lastKnownFileType = sourcecode.c.objc; path = DWFriendTrendsViewController.m; sourceTree = "<group>"; };
		C15EA6961E6E95FC00B0186B /* DWMeViewController.h */ = {isa = PBXFileReference; fileEncoding = 4; lastKnownFileType = sourcecode.c.h; path = DWMeViewController.h; sourceTree = "<group>"; };
		C15EA6971E6E95FC00B0186B /* DWMeViewController.m */ = {isa = PBXFileReference; fileEncoding = 4; lastKnownFileType = sourcecode.c.objc; path = DWMeViewController.m; sourceTree = "<group>"; };
		C15EA69C1E6E95FC00B0186B /* DWNewViewController.h */ = {isa = PBXFileReference; fileEncoding = 4; lastKnownFileType = sourcecode.c.h; path = DWNewViewController.h; sourceTree = "<group>"; };
		C15EA69D1E6E95FC00B0186B /* DWNewViewController.m */ = {isa = PBXFileReference; fileEncoding = 4; lastKnownFileType = sourcecode.c.objc; path = DWNewViewController.m; sourceTree = "<group>"; };
		C15EA6A11E6E95FC00B0186B /* AppDelegate.h */ = {isa = PBXFileReference; fileEncoding = 4; lastKnownFileType = sourcecode.c.h; path = AppDelegate.h; sourceTree = "<group>"; };
		C15EA6A21E6E95FC00B0186B /* AppDelegate.m */ = {isa = PBXFileReference; fileEncoding = 4; lastKnownFileType = sourcecode.c.objc; path = AppDelegate.m; sourceTree = "<group>"; };
		C15EA6A41E6E95FC00B0186B /* UIBarButtonItem+DWExtension.h */ = {isa = PBXFileReference; fileEncoding = 4; lastKnownFileType = sourcecode.c.h; path = "UIBarButtonItem+DWExtension.h"; sourceTree = "<group>"; };
		C15EA6A51E6E95FC00B0186B /* UIBarButtonItem+DWExtension.m */ = {isa = PBXFileReference; fileEncoding = 4; lastKnownFileType = sourcecode.c.objc; path = "UIBarButtonItem+DWExtension.m"; sourceTree = "<group>"; };
		C15EA6A61E6E95FC00B0186B /* UIView+DWExtension.h */ = {isa = PBXFileReference; fileEncoding = 4; lastKnownFileType = sourcecode.c.h; path = "UIView+DWExtension.h"; sourceTree = "<group>"; };
		C15EA6A71E6E95FC00B0186B /* UIView+DWExtension.m */ = {isa = PBXFileReference; fileEncoding = 4; lastKnownFileType = sourcecode.c.objc; path = "UIView+DWExtension.m"; sourceTree = "<group>"; };
		C15EA6A91E6E95FC00B0186B /* DWTabBarController.h */ = {isa = PBXFileReference; fileEncoding = 4; lastKnownFileType = sourcecode.c.h; path = DWTabBarController.h; sourceTree = "<group>"; };
		C15EA6AA1E6E95FC00B0186B /* DWTabBarController.m */ = {isa = PBXFileReference; fileEncoding = 4; lastKnownFileType = sourcecode.c.objc; path = DWTabBarController.m; sourceTree = "<group>"; };
		C15EA6AB1E6E95FC00B0186B /* main.m */ = {isa = PBXFileReference; fileEncoding = 4; lastKnownFileType = sourcecode.c.objc; path = main.m; sourceTree = "<group>"; };
		C15EA6AC1E6E95FC00B0186B /* PrefixHeader.pch */ = {isa = PBXFileReference; fileEncoding = 4; lastKnownFileType = sourcecode.c.h; path = PrefixHeader.pch; sourceTree = "<group>"; };
		C15EA6AE1E6E95FC00B0186B /* DWTabBar.h */ = {isa = PBXFileReference; fileEncoding = 4; lastKnownFileType = sourcecode.c.h; path = DWTabBar.h; sourceTree = "<group>"; };
		C15EA6AF1E6E95FC00B0186B /* DWTabBar.m */ = {isa = PBXFileReference; fileEncoding = 4; lastKnownFileType = sourcecode.c.objc; path = DWTabBar.m; sourceTree = "<group>"; };
		C15EA6BA1E6EA78A00B0186B /* DWNavigationController.h */ = {isa = PBXFileReference; fileEncoding = 4; lastKnownFileType = sourcecode.c.h; path = DWNavigationController.h; sourceTree = "<group>"; };
		C15EA6BB1E6EA78A00B0186B /* DWNavigationController.m */ = {isa = PBXFileReference; fileEncoding = 4; lastKnownFileType = sourcecode.c.objc; path = DWNavigationController.m; sourceTree = "<group>"; };
		C17DD02F1E70EFF400FB8963 /* DWRecommentViewController.h */ = {isa = PBXFileReference; fileEncoding = 4; lastKnownFileType = sourcecode.c.h; path = DWRecommentViewController.h; sourceTree = "<group>"; };
		C17DD0301E70EFF400FB8963 /* DWRecommentViewController.m */ = {isa = PBXFileReference; fileEncoding = 4; lastKnownFileType = sourcecode.c.objc; path = DWRecommentViewController.m; sourceTree = "<group>"; };
		C17DD0311E70EFF400FB8963 /* DWRecommentViewController.xib */ = {isa = PBXFileReference; fileEncoding = 4; lastKnownFileType = file.xib; path = DWRecommentViewController.xib; sourceTree = "<group>"; };
		C17DD0341E711F2600FB8963 /* DWRecommendCategory.h */ = {isa = PBXFileReference; fileEncoding = 4; lastKnownFileType = sourcecode.c.h; path = DWRecommendCategory.h; sourceTree = "<group>"; };
		C17DD0351E711F2600FB8963 /* DWRecommendCategory.m */ = {isa = PBXFileReference; fileEncoding = 4; lastKnownFileType = sourcecode.c.objc; path = DWRecommendCategory.m; sourceTree = "<group>"; };
		C17DD0371E71235800FB8963 /* DWRecommendCategoryCell.h */ = {isa = PBXFileReference; fileEncoding = 4; lastKnownFileType = sourcecode.c.h; path = DWRecommendCategoryCell.h; sourceTree = "<group>"; };
		C17DD0381E71235800FB8963 /* DWRecommendCategoryCell.m */ = {isa = PBXFileReference; fileEncoding = 4; lastKnownFileType = sourcecode.c.objc; path = DWRecommendCategoryCell.m; sourceTree = "<group>"; };
		C17DD0391E71235800FB8963 /* DWRecommendCategoryCell.xib */ = {isa = PBXFileReference; fileEncoding = 4; lastKnownFileType = file.xib; path = DWRecommendCategoryCell.xib; sourceTree = "<group>"; };
		C1A538211E702DA40001852C /* DWFriendTrendsViewController.xib */ = {isa = PBXFileReference; fileEncoding = 4; lastKnownFileType = file.xib; path = DWFriendTrendsViewController.xib; sourceTree = "<group>"; };
		ED228BCC7E03CCE6589EE8A1 /* Pods-百思不得姐.release.xcconfig */ = {isa = PBXFileReference; includeInIndex = 1; lastKnownFileType = text.xcconfig; name = "Pods-百思不得姐.release.xcconfig"; path = "Pods/Target Support Files/Pods-百思不得姐/Pods-百思不得姐.release.xcconfig"; sourceTree = "<group>"; };
/* End PBXFileReference section */

/* Begin PBXFrameworksBuildPhase section */
		C13C30B71E6CF05A006535BC /* Frameworks */ = {
			isa = PBXFrameworksBuildPhase;
			buildActionMask = 2147483647;
			files = (
				DD2737EA138234DE2E83B655 /* Pods______.framework in Frameworks */,
			);
			runOnlyForDeploymentPostprocessing = 0;
		};
		C13C30D01E6CF05B006535BC /* Frameworks */ = {
			isa = PBXFrameworksBuildPhase;
			buildActionMask = 2147483647;
			files = (
			);
			runOnlyForDeploymentPostprocessing = 0;
		};
		C13C30DB1E6CF05B006535BC /* Frameworks */ = {
			isa = PBXFrameworksBuildPhase;
			buildActionMask = 2147483647;
			files = (
			);
			runOnlyForDeploymentPostprocessing = 0;
		};
/* End PBXFrameworksBuildPhase section */

/* Begin PBXGroup section */
		17D6F7112D78D89010E08BE9 /* Pods */ = {
			isa = PBXGroup;
			children = (
				790C5F0B0E02251BECFC3ED0 /* Pods-百思不得姐.debug.xcconfig */,
				ED228BCC7E03CCE6589EE8A1 /* Pods-百思不得姐.release.xcconfig */,
			);
			name = Pods;
			sourceTree = "<group>";
		};
		6225963389C1B95D9135F03D /* Frameworks */ = {
			isa = PBXGroup;
			children = (
				4C59960962CEF76C6A1F5CE5 /* Pods______.framework */,
			);
			name = Frameworks;
			sourceTree = "<group>";
		};
		C13C30B11E6CF05A006535BC = {
			isa = PBXGroup;
			children = (
				C13C30BC1E6CF05B006535BC /* 百思不得姐 */,
				C13C30D61E6CF05B006535BC /* 百思不得姐Tests */,
				C13C30E11E6CF05B006535BC /* 百思不得姐UITests */,
				C13C30BB1E6CF05B006535BC /* Products */,
				17D6F7112D78D89010E08BE9 /* Pods */,
				6225963389C1B95D9135F03D /* Frameworks */,
			);
			sourceTree = "<group>";
		};
		C13C30BB1E6CF05B006535BC /* Products */ = {
			isa = PBXGroup;
			children = (
				C13C30BA1E6CF05B006535BC /* 百思不得姐.app */,
				C13C30D31E6CF05B006535BC /* 百思不得姐Tests.xctest */,
				C13C30DE1E6CF05B006535BC /* 百思不得姐UITests.xctest */,
			);
			name = Products;
			sourceTree = "<group>";
		};
		C13C30BC1E6CF05B006535BC /* 百思不得姐 */ = {
			isa = PBXGroup;
			children = (
				C15EA6871E6E95FC00B0186B /* classes */,
				C13C30BD1E6CF05B006535BC /* Supporting Files */,
			);
			path = "百思不得姐";
			sourceTree = "<group>";
		};
		C13C30BD1E6CF05B006535BC /* Supporting Files */ = {
			isa = PBXGroup;
			children = (
				C13C30C91E6CF05B006535BC /* Assets.xcassets */,
				C13C30CE1E6CF05B006535BC /* Info.plist */,
			);
			name = "Supporting Files";
			sourceTree = "<group>";
		};
		C13C30D61E6CF05B006535BC /* 百思不得姐Tests */ = {
			isa = PBXGroup;
			children = (
				C13C30D71E6CF05B006535BC /* _____Tests.m */,
				C13C30D91E6CF05B006535BC /* Info.plist */,
			);
			path = "百思不得姐Tests";
			sourceTree = "<group>";
		};
		C13C30E11E6CF05B006535BC /* 百思不得姐UITests */ = {
			isa = PBXGroup;
			children = (
				C13C30E21E6CF05B006535BC /* _____UITests.m */,
				C13C30E41E6CF05B006535BC /* Info.plist */,
			);
			path = "百思不得姐UITests";
			sourceTree = "<group>";
		};
		C15EA6871E6E95FC00B0186B /* classes */ = {
			isa = PBXGroup;
			children = (
				C15EA6881E6E95FC00B0186B /* Essence */,
				C15EA69A1E6E95FC00B0186B /* New */,
				C15EA68E1E6E95FC00B0186B /* FriendTrend */,
				C15EA6941E6E95FC00B0186B /* Me */,
				C15EA6A01E6E95FC00B0186B /* Other */,
			);
			path = classes;
			sourceTree = "<group>";
		};
		C15EA6881E6E95FC00B0186B /* Essence */ = {
			isa = PBXGroup;
			children = (
				C15EA6891E6E95FC00B0186B /* Controller */,
				C15EA68C1E6E95FC00B0186B /* Model */,
				C15EA68D1E6E95FC00B0186B /* view */,
			);
			path = Essence;
			sourceTree = "<group>";
		};
		C15EA6891E6E95FC00B0186B /* Controller */ = {
			isa = PBXGroup;
			children = (
				C15EA68A1E6E95FC00B0186B /* DWEssenceViewController.h */,
				C15EA68B1E6E95FC00B0186B /* DWEssenceViewController.m */,
			);
			path = Controller;
			sourceTree = "<group>";
		};
		C15EA68C1E6E95FC00B0186B /* Model */ = {
			isa = PBXGroup;
			children = (
			);
			path = Model;
			sourceTree = "<group>";
		};
		C15EA68D1E6E95FC00B0186B /* view */ = {
			isa = PBXGroup;
			children = (
			);
			path = view;
			sourceTree = "<group>";
		};
		C15EA68E1E6E95FC00B0186B /* FriendTrend */ = {
			isa = PBXGroup;
			children = (
				C15EA68F1E6E95FC00B0186B /* Controller */,
				C15EA6921E6E95FC00B0186B /* Model */,
				C15EA6931E6E95FC00B0186B /* view */,
			);
			path = FriendTrend;
			sourceTree = "<group>";
		};
		C15EA68F1E6E95FC00B0186B /* Controller */ = {
			isa = PBXGroup;
			children = (
				C15EA6901E6E95FC00B0186B /* DWFriendTrendsViewController.h */,
				C15EA6911E6E95FC00B0186B /* DWFriendTrendsViewController.m */,
				C1A538211E702DA40001852C /* DWFriendTrendsViewController.xib */,
				C17DD02F1E70EFF400FB8963 /* DWRecommentViewController.h */,
				C17DD0301E70EFF400FB8963 /* DWRecommentViewController.m */,
				C17DD0311E70EFF400FB8963 /* DWRecommentViewController.xib */,
			);
			path = Controller;
			sourceTree = "<group>";
		};
		C15EA6921E6E95FC00B0186B /* Model */ = {
			isa = PBXGroup;
			children = (
				C17DD0341E711F2600FB8963 /* DWRecommendCategory.h */,
				C17DD0351E711F2600FB8963 /* DWRecommendCategory.m */,
			);
			path = Model;
			sourceTree = "<group>";
		};
		C15EA6931E6E95FC00B0186B /* view */ = {
			isa = PBXGroup;
			children = (
				C17DD0371E71235800FB8963 /* DWRecommendCategoryCell.h */,
				C17DD0381E71235800FB8963 /* DWRecommendCategoryCell.m */,
				C17DD0391E71235800FB8963 /* DWRecommendCategoryCell.xib */,
			);
			path = view;
			sourceTree = "<group>";
		};
		C15EA6941E6E95FC00B0186B /* Me */ = {
			isa = PBXGroup;
			children = (
				C15EA6951E6E95FC00B0186B /* Controller */,
				C15EA6981E6E95FC00B0186B /* Model */,
				C15EA6991E6E95FC00B0186B /* view */,
			);
			path = Me;
			sourceTree = "<group>";
		};
		C15EA6951E6E95FC00B0186B /* Controller */ = {
			isa = PBXGroup;
			children = (
				C15EA6961E6E95FC00B0186B /* DWMeViewController.h */,
				C15EA6971E6E95FC00B0186B /* DWMeViewController.m */,
			);
			path = Controller;
			sourceTree = "<group>";
		};
		C15EA6981E6E95FC00B0186B /* Model */ = {
			isa = PBXGroup;
			children = (
			);
			path = Model;
			sourceTree = "<group>";
		};
		C15EA6991E6E95FC00B0186B /* view */ = {
			isa = PBXGroup;
			children = (
			);
			path = view;
			sourceTree = "<group>";
		};
		C15EA69A1E6E95FC00B0186B /* New */ = {
			isa = PBXGroup;
			children = (
				C15EA69B1E6E95FC00B0186B /* Controller */,
				C15EA69E1E6E95FC00B0186B /* Model */,
				C15EA69F1E6E95FC00B0186B /* view */,
			);
			path = New;
			sourceTree = "<group>";
		};
		C15EA69B1E6E95FC00B0186B /* Controller */ = {
			isa = PBXGroup;
			children = (
				C15EA69C1E6E95FC00B0186B /* DWNewViewController.h */,
				C15EA69D1E6E95FC00B0186B /* DWNewViewController.m */,
			);
			path = Controller;
			sourceTree = "<group>";
		};
		C15EA69E1E6E95FC00B0186B /* Model */ = {
			isa = PBXGroup;
			children = (
			);
			path = Model;
			sourceTree = "<group>";
		};
		C15EA69F1E6E95FC00B0186B /* view */ = {
			isa = PBXGroup;
			children = (
			);
			path = view;
			sourceTree = "<group>";
		};
		C15EA6A01E6E95FC00B0186B /* Other */ = {
			isa = PBXGroup;
			children = (
				C15EA6A11E6E95FC00B0186B /* AppDelegate.h */,
				C15EA6A21E6E95FC00B0186B /* AppDelegate.m */,
				C15EA6A31E6E95FC00B0186B /* Category */,
				C15EA6A81E6E95FC00B0186B /* Controller */,
				C15EA6AB1E6E95FC00B0186B /* main.m */,
				C15EA6AC1E6E95FC00B0186B /* PrefixHeader.pch */,
				C15EA6AD1E6E95FC00B0186B /* View */,
			);
			path = Other;
			sourceTree = "<group>";
		};
		C15EA6A31E6E95FC00B0186B /* Category */ = {
			isa = PBXGroup;
			children = (
				C15EA6A41E6E95FC00B0186B /* UIBarButtonItem+DWExtension.h */,
				C15EA6A51E6E95FC00B0186B /* UIBarButtonItem+DWExtension.m */,
				C15EA6A61E6E95FC00B0186B /* UIView+DWExtension.h */,
				C15EA6A71E6E95FC00B0186B /* UIView+DWExtension.m */,
			);
			path = Category;
			sourceTree = "<group>";
		};
		C15EA6A81E6E95FC00B0186B /* Controller */ = {
			isa = PBXGroup;
			children = (
				C15EA6A91E6E95FC00B0186B /* DWTabBarController.h */,
				C15EA6AA1E6E95FC00B0186B /* DWTabBarController.m */,
				C15EA6BA1E6EA78A00B0186B /* DWNavigationController.h */,
				C15EA6BB1E6EA78A00B0186B /* DWNavigationController.m */,
			);
			path = Controller;
			sourceTree = "<group>";
		};
		C15EA6AD1E6E95FC00B0186B /* View */ = {
			isa = PBXGroup;
			children = (
				C15EA6AE1E6E95FC00B0186B /* DWTabBar.h */,
				C15EA6AF1E6E95FC00B0186B /* DWTabBar.m */,
			);
			path = View;
			sourceTree = "<group>";
		};
/* End PBXGroup section */

/* Begin PBXNativeTarget section */
		C13C30B91E6CF05A006535BC /* 百思不得姐 */ = {
			isa = PBXNativeTarget;
			buildConfigurationList = C13C30E71E6CF05B006535BC /* Build configuration list for PBXNativeTarget "百思不得姐" */;
			buildPhases = (
				F99B05D1C8F43A16870B8C61 /* [CP] Check Pods Manifest.lock */,
				C13C30B61E6CF05A006535BC /* Sources */,
				C13C30B71E6CF05A006535BC /* Frameworks */,
				C13C30B81E6CF05A006535BC /* Resources */,
				474A61C75B6820680B6887F7 /* [CP] Embed Pods Frameworks */,
				EFE5D1C923A0BE925B2A0F61 /* [CP] Copy Pods Resources */,
			);
			buildRules = (
			);
			dependencies = (
			);
			name = "百思不得姐";
			productName = "百思不得姐";
			productReference = C13C30BA1E6CF05B006535BC /* 百思不得姐.app */;
			productType = "com.apple.product-type.application";
		};
		C13C30D21E6CF05B006535BC /* 百思不得姐Tests */ = {
			isa = PBXNativeTarget;
			buildConfigurationList = C13C30EA1E6CF05B006535BC /* Build configuration list for PBXNativeTarget "百思不得姐Tests" */;
			buildPhases = (
				C13C30CF1E6CF05B006535BC /* Sources */,
				C13C30D01E6CF05B006535BC /* Frameworks */,
				C13C30D11E6CF05B006535BC /* Resources */,
			);
			buildRules = (
			);
			dependencies = (
				C13C30D51E6CF05B006535BC /* PBXTargetDependency */,
			);
			name = "百思不得姐Tests";
			productName = "百思不得姐Tests";
			productReference = C13C30D31E6CF05B006535BC /* 百思不得姐Tests.xctest */;
			productType = "com.apple.product-type.bundle.unit-test";
		};
		C13C30DD1E6CF05B006535BC /* 百思不得姐UITests */ = {
			isa = PBXNativeTarget;
			buildConfigurationList = C13C30ED1E6CF05B006535BC /* Build configuration list for PBXNativeTarget "百思不得姐UITests" */;
			buildPhases = (
				C13C30DA1E6CF05B006535BC /* Sources */,
				C13C30DB1E6CF05B006535BC /* Frameworks */,
				C13C30DC1E6CF05B006535BC /* Resources */,
			);
			buildRules = (
			);
			dependencies = (
				C13C30E01E6CF05B006535BC /* PBXTargetDependency */,
			);
			name = "百思不得姐UITests";
			productName = "百思不得姐UITests";
			productReference = C13C30DE1E6CF05B006535BC /* 百思不得姐UITests.xctest */;
			productType = "com.apple.product-type.bundle.ui-testing";
		};
/* End PBXNativeTarget section */

/* Begin PBXProject section */
		C13C30B21E6CF05A006535BC /* Project object */ = {
			isa = PBXProject;
			attributes = {
				CLASSPREFIX = DW;
				LastUpgradeCheck = 0820;
				ORGANIZATIONNAME = dw;
				TargetAttributes = {
					C13C30B91E6CF05A006535BC = {
						CreatedOnToolsVersion = 8.2.1;
						ProvisioningStyle = Automatic;
					};
					C13C30D21E6CF05B006535BC = {
						CreatedOnToolsVersion = 8.2.1;
						ProvisioningStyle = Automatic;
						TestTargetID = C13C30B91E6CF05A006535BC;
					};
					C13C30DD1E6CF05B006535BC = {
						CreatedOnToolsVersion = 8.2.1;
						ProvisioningStyle = Automatic;
						TestTargetID = C13C30B91E6CF05A006535BC;
					};
				};
			};
			buildConfigurationList = C13C30B51E6CF05A006535BC /* Build configuration list for PBXProject "百思不得姐" */;
			compatibilityVersion = "Xcode 3.2";
			developmentRegion = English;
			hasScannedForEncodings = 0;
			knownRegions = (
				en,
				Base,
			);
			mainGroup = C13C30B11E6CF05A006535BC;
			productRefGroup = C13C30BB1E6CF05B006535BC /* Products */;
			projectDirPath = "";
			projectRoot = "";
			targets = (
				C13C30B91E6CF05A006535BC /* 百思不得姐 */,
				C13C30D21E6CF05B006535BC /* 百思不得姐Tests */,
				C13C30DD1E6CF05B006535BC /* 百思不得姐UITests */,
			);
		};
/* End PBXProject section */

/* Begin PBXResourcesBuildPhase section */
		C13C30B81E6CF05A006535BC /* Resources */ = {
			isa = PBXResourcesBuildPhase;
			buildActionMask = 2147483647;
			files = (
				C1A538221E702DA40001852C /* DWFriendTrendsViewController.xib in Resources */,
				C17DD0331E70EFF400FB8963 /* DWRecommentViewController.xib in Resources */,
				C13C30CA1E6CF05B006535BC /* Assets.xcassets in Resources */,
				C17DD03B1E71235800FB8963 /* DWRecommendCategoryCell.xib in Resources */,
			);
			runOnlyForDeploymentPostprocessing = 0;
		};
		C13C30D11E6CF05B006535BC /* Resources */ = {
			isa = PBXResourcesBuildPhase;
			buildActionMask = 2147483647;
			files = (
			);
			runOnlyForDeploymentPostprocessing = 0;
		};
		C13C30DC1E6CF05B006535BC /* Resources */ = {
			isa = PBXResourcesBuildPhase;
			buildActionMask = 2147483647;
			files = (
			);
			runOnlyForDeploymentPostprocessing = 0;
		};
/* End PBXResourcesBuildPhase section */

/* Begin PBXShellScriptBuildPhase section */
		474A61C75B6820680B6887F7 /* [CP] Embed Pods Frameworks */ = {
			isa = PBXShellScriptBuildPhase;
			buildActionMask = 2147483647;
			files = (
			);
			inputPaths = (
			);
			name = "[CP] Embed Pods Frameworks";
			outputPaths = (
			);
			runOnlyForDeploymentPostprocessing = 0;
			shellPath = /bin/sh;
			shellScript = "\"${SRCROOT}/Pods/Target Support Files/Pods-百思不得姐/Pods-百思不得姐-frameworks.sh\"\n";
			showEnvVarsInLog = 0;
		};
		EFE5D1C923A0BE925B2A0F61 /* [CP] Copy Pods Resources */ = {
			isa = PBXShellScriptBuildPhase;
			buildActionMask = 2147483647;
			files = (
			);
			inputPaths = (
			);
			name = "[CP] Copy Pods Resources";
			outputPaths = (
			);
			runOnlyForDeploymentPostprocessing = 0;
			shellPath = /bin/sh;
			shellScript = "\"${SRCROOT}/Pods/Target Support Files/Pods-百思不得姐/Pods-百思不得姐-resources.sh\"\n";
			showEnvVarsInLog = 0;
		};
		F99B05D1C8F43A16870B8C61 /* [CP] Check Pods Manifest.lock */ = {
			isa = PBXShellScriptBuildPhase;
			buildActionMask = 2147483647;
			files = (
			);
			inputPaths = (
			);
			name = "[CP] Check Pods Manifest.lock";
			outputPaths = (
			);
			runOnlyForDeploymentPostprocessing = 0;
			shellPath = /bin/sh;
			shellScript = "diff \"${PODS_ROOT}/../Podfile.lock\" \"${PODS_ROOT}/Manifest.lock\" > /dev/null\nif [ $? != 0 ] ; then\n    # print error to STDERR\n    echo \"error: The sandbox is not in sync with the Podfile.lock. Run 'pod install' or update your CocoaPods installation.\" >&2\n    exit 1\nfi\n";
			showEnvVarsInLog = 0;
		};
/* End PBXShellScriptBuildPhase section */

/* Begin PBXSourcesBuildPhase section */
		C13C30B61E6CF05A006535BC /* Sources */ = {
			isa = PBXSourcesBuildPhase;
			buildActionMask = 2147483647;
			files = (
				C15EA6B31E6E95FC00B0186B /* DWNewViewController.m in Sources */,
				C15EA6B01E6E95FC00B0186B /* DWEssenceViewController.m in Sources */,
				C15EA6BC1E6EA78A00B0186B /* DWNavigationController.m in Sources */,
				C17DD03A1E71235800FB8963 /* DWRecommendCategoryCell.m in Sources */,
				C15EA6B91E6E95FC00B0186B /* DWTabBar.m in Sources */,
				C15EA6B71E6E95FC00B0186B /* DWTabBarController.m in Sources */,
				C15EA6B21E6E95FC00B0186B /* DWMeViewController.m in Sources */,
				C15EA6B61E6E95FC00B0186B /* UIView+DWExtension.m in Sources */,
				C17DD0361E711F2600FB8963 /* DWRecommendCategory.m in Sources */,
				C15EA6B11E6E95FC00B0186B /* DWFriendTrendsViewController.m in Sources */,
				C15EA6B41E6E95FC00B0186B /* AppDelegate.m in Sources */,
				C15EA6B81E6E95FC00B0186B /* main.m in Sources */,
				C17DD0321E70EFF400FB8963 /* DWRecommentViewController.m in Sources */,
				C15EA6B51E6E95FC00B0186B /* UIBarButtonItem+DWExtension.m in Sources */,
			);
			runOnlyForDeploymentPostprocessing = 0;
		};
		C13C30CF1E6CF05B006535BC /* Sources */ = {
			isa = PBXSourcesBuildPhase;
			buildActionMask = 2147483647;
			files = (
				C13C30D81E6CF05B006535BC /* _____Tests.m in Sources */,
			);
			runOnlyForDeploymentPostprocessing = 0;
		};
		C13C30DA1E6CF05B006535BC /* Sources */ = {
			isa = PBXSourcesBuildPhase;
			buildActionMask = 2147483647;
			files = (
				C13C30E31E6CF05B006535BC /* _____UITests.m in Sources */,
			);
			runOnlyForDeploymentPostprocessing = 0;
		};
/* End PBXSourcesBuildPhase section */

/* Begin PBXTargetDependency section */
		C13C30D51E6CF05B006535BC /* PBXTargetDependency */ = {
			isa = PBXTargetDependency;
			target = C13C30B91E6CF05A006535BC /* 百思不得姐 */;
			targetProxy = C13C30D41E6CF05B006535BC /* PBXContainerItemProxy */;
		};
		C13C30E01E6CF05B006535BC /* PBXTargetDependency */ = {
			isa = PBXTargetDependency;
			target = C13C30B91E6CF05A006535BC /* 百思不得姐 */;
			targetProxy = C13C30DF1E6CF05B006535BC /* PBXContainerItemProxy */;
		};
/* End PBXTargetDependency section */

/* Begin XCBuildConfiguration section */
		C13C30E51E6CF05B006535BC /* Debug */ = {
			isa = XCBuildConfiguration;
			buildSettings = {
				ALWAYS_SEARCH_USER_PATHS = NO;
				CLANG_ANALYZER_NONNULL = YES;
				CLANG_CXX_LANGUAGE_STANDARD = "gnu++0x";
				CLANG_CXX_LIBRARY = "libc++";
				CLANG_ENABLE_MODULES = YES;
				CLANG_ENABLE_OBJC_ARC = YES;
				CLANG_WARN_BOOL_CONVERSION = YES;
				CLANG_WARN_CONSTANT_CONVERSION = YES;
				CLANG_WARN_DIRECT_OBJC_ISA_USAGE = YES_ERROR;
				CLANG_WARN_DOCUMENTATION_COMMENTS = YES;
				CLANG_WARN_EMPTY_BODY = YES;
				CLANG_WARN_ENUM_CONVERSION = YES;
				CLANG_WARN_INFINITE_RECURSION = YES;
				CLANG_WARN_INT_CONVERSION = YES;
				CLANG_WARN_OBJC_ROOT_CLASS = YES_ERROR;
				CLANG_WARN_SUSPICIOUS_MOVE = YES;
				CLANG_WARN_UNREACHABLE_CODE = YES;
				CLANG_WARN__DUPLICATE_METHOD_MATCH = YES;
				"CODE_SIGN_IDENTITY[sdk=iphoneos*]" = "iPhone Developer";
				COPY_PHASE_STRIP = NO;
				DEBUG_INFORMATION_FORMAT = dwarf;
				ENABLE_STRICT_OBJC_MSGSEND = YES;
				ENABLE_TESTABILITY = YES;
				GCC_C_LANGUAGE_STANDARD = gnu99;
				GCC_DYNAMIC_NO_PIC = NO;
				GCC_NO_COMMON_BLOCKS = YES;
				GCC_OPTIMIZATION_LEVEL = 0;
				GCC_PREPROCESSOR_DEFINITIONS = (
					"DEBUG=1",
					"$(inherited)",
				);
				GCC_WARN_64_TO_32_BIT_CONVERSION = YES;
				GCC_WARN_ABOUT_RETURN_TYPE = YES_ERROR;
				GCC_WARN_UNDECLARED_SELECTOR = YES;
				GCC_WARN_UNINITIALIZED_AUTOS = YES_AGGRESSIVE;
				GCC_WARN_UNUSED_FUNCTION = YES;
				GCC_WARN_UNUSED_VARIABLE = YES;
				IPHONEOS_DEPLOYMENT_TARGET = 10.2;
				MTL_ENABLE_DEBUG_INFO = YES;
				ONLY_ACTIVE_ARCH = YES;
				SDKROOT = iphoneos;
			};
			name = Debug;
		};
		C13C30E61E6CF05B006535BC /* Release */ = {
			isa = XCBuildConfiguration;
			buildSettings = {
				ALWAYS_SEARCH_USER_PATHS = NO;
				CLANG_ANALYZER_NONNULL = YES;
				CLANG_CXX_LANGUAGE_STANDARD = "gnu++0x";
				CLANG_CXX_LIBRARY = "libc++";
				CLANG_ENABLE_MODULES = YES;
				CLANG_ENABLE_OBJC_ARC = YES;
				CLANG_WARN_BOOL_CONVERSION = YES;
				CLANG_WARN_CONSTANT_CONVERSION = YES;
				CLANG_WARN_DIRECT_OBJC_ISA_USAGE = YES_ERROR;
				CLANG_WARN_DOCUMENTATION_COMMENTS = YES;
				CLANG_WARN_EMPTY_BODY = YES;
				CLANG_WARN_ENUM_CONVERSION = YES;
				CLANG_WARN_INFINITE_RECURSION = YES;
				CLANG_WARN_INT_CONVERSION = YES;
				CLANG_WARN_OBJC_ROOT_CLASS = YES_ERROR;
				CLANG_WARN_SUSPICIOUS_MOVE = YES;
				CLANG_WARN_UNREACHABLE_CODE = YES;
				CLANG_WARN__DUPLICATE_METHOD_MATCH = YES;
				"CODE_SIGN_IDENTITY[sdk=iphoneos*]" = "iPhone Developer";
				COPY_PHASE_STRIP = NO;
				DEBUG_INFORMATION_FORMAT = "dwarf-with-dsym";
				ENABLE_NS_ASSERTIONS = NO;
				ENABLE_STRICT_OBJC_MSGSEND = YES;
				GCC_C_LANGUAGE_STANDARD = gnu99;
				GCC_NO_COMMON_BLOCKS = YES;
				GCC_WARN_64_TO_32_BIT_CONVERSION = YES;
				GCC_WARN_ABOUT_RETURN_TYPE = YES_ERROR;
				GCC_WARN_UNDECLARED_SELECTOR = YES;
				GCC_WARN_UNINITIALIZED_AUTOS = YES_AGGRESSIVE;
				GCC_WARN_UNUSED_FUNCTION = YES;
				GCC_WARN_UNUSED_VARIABLE = YES;
				IPHONEOS_DEPLOYMENT_TARGET = 10.2;
				MTL_ENABLE_DEBUG_INFO = NO;
				SDKROOT = iphoneos;
				VALIDATE_PRODUCT = YES;
			};
			name = Release;
		};
		C13C30E81E6CF05B006535BC /* Debug */ = {
			isa = XCBuildConfiguration;
			baseConfigurationReference = 790C5F0B0E02251BECFC3ED0 /* Pods-百思不得姐.debug.xcconfig */;
			buildSettings = {
				ASSETCATALOG_COMPILER_APPICON_NAME = AppIcon;
				ASSETCATALOG_COMPILER_LAUNCHIMAGE_NAME = LaunchImage;
				GCC_PREFIX_HEADER = "/Users/dw/Desktop/百思不得姐/百思不得姐/classes/Other/PrefixHeader.pch";
				INFOPLIST_FILE = "百思不得姐/Info.plist";
				LD_RUNPATH_SEARCH_PATHS = "$(inherited) @executable_path/Frameworks";
				PRODUCT_BUNDLE_IDENTIFIER = "kwan.-----";
				PRODUCT_NAME = "$(TARGET_NAME)";
				USER_HEADER_SEARCH_PATHS = "$(PODS_ROOT)/**";
			};
			name = Debug;
		};
		C13C30E91E6CF05B006535BC /* Release */ = {
			isa = XCBuildConfiguration;
			baseConfigurationReference = ED228BCC7E03CCE6589EE8A1 /* Pods-百思不得姐.release.xcconfig */;
			buildSettings = {
				ASSETCATALOG_COMPILER_APPICON_NAME = AppIcon;
				ASSETCATALOG_COMPILER_LAUNCHIMAGE_NAME = LaunchImage;
				GCC_PREFIX_HEADER = "/Users/dw/Desktop/百思不得姐/百思不得姐/classes/Other/PrefixHeader.pch";
				INFOPLIST_FILE = "百思不得姐/Info.plist";
				LD_RUNPATH_SEARCH_PATHS = "$(inherited) @executable_path/Frameworks";
				PRODUCT_BUNDLE_IDENTIFIER = "kwan.-----";
				PRODUCT_NAME = "$(TARGET_NAME)";
				USER_HEADER_SEARCH_PATHS = "$(PODS_ROOT)/**";
			};
			name = Release;
		};
		C13C30EB1E6CF05B006535BC /* Debug */ = {
			isa = XCBuildConfiguration;
			buildSettings = {
				BUNDLE_LOADER = "$(TEST_HOST)";
				INFOPLIST_FILE = "百思不得姐Tests/Info.plist";
				LD_RUNPATH_SEARCH_PATHS = "$(inherited) @executable_path/Frameworks @loader_path/Frameworks";
				PRODUCT_BUNDLE_IDENTIFIER = "kwan.-----Tests";
				PRODUCT_NAME = "$(TARGET_NAME)";
				TEST_HOST = "$(BUILT_PRODUCTS_DIR)/百思不得姐.app/百思不得姐";
			};
			name = Debug;
		};
		C13C30EC1E6CF05B006535BC /* Release */ = {
			isa = XCBuildConfiguration;
			buildSettings = {
				BUNDLE_LOADER = "$(TEST_HOST)";
				INFOPLIST_FILE = "百思不得姐Tests/Info.plist";
				LD_RUNPATH_SEARCH_PATHS = "$(inherited) @executable_path/Frameworks @loader_path/Frameworks";
				PRODUCT_BUNDLE_IDENTIFIER = "kwan.-----Tests";
				PRODUCT_NAME = "$(TARGET_NAME)";
				TEST_HOST = "$(BUILT_PRODUCTS_DIR)/百思不得姐.app/百思不得姐";
			};
			name = Release;
		};
		C13C30EE1E6CF05B006535BC /* Debug */ = {
			isa = XCBuildConfiguration;
			buildSettings = {
				INFOPLIST_FILE = "百思不得姐UITests/Info.plist";
				LD_RUNPATH_SEARCH_PATHS = "$(inherited) @executable_path/Frameworks @loader_path/Frameworks";
				PRODUCT_BUNDLE_IDENTIFIER = "kwan.-----UITests";
				PRODUCT_NAME = "$(TARGET_NAME)";
				TEST_TARGET_NAME = "百思不得姐";
			};
			name = Debug;
		};
		C13C30EF1E6CF05B006535BC /* Release */ = {
			isa = XCBuildConfiguration;
			buildSettings = {
				INFOPLIST_FILE = "百思不得姐UITests/Info.plist";
				LD_RUNPATH_SEARCH_PATHS = "$(inherited) @executable_path/Frameworks @loader_path/Frameworks";
				PRODUCT_BUNDLE_IDENTIFIER = "kwan.-----UITests";
				PRODUCT_NAME = "$(TARGET_NAME)";
				TEST_TARGET_NAME = "百思不得姐";
			};
			name = Release;
		};
/* End XCBuildConfiguration section */

/* Begin XCConfigurationList section */
		C13C30B51E6CF05A006535BC /* Build configuration list for PBXProject "百思不得姐" */ = {
			isa = XCConfigurationList;
			buildConfigurations = (
				C13C30E51E6CF05B006535BC /* Debug */,
				C13C30E61E6CF05B006535BC /* Release */,
			);
			defaultConfigurationIsVisible = 0;
			defaultConfigurationName = Release;
		};
		C13C30E71E6CF05B006535BC /* Build configuration list for PBXNativeTarget "百思不得姐" */ = {
			isa = XCConfigurationList;
			buildConfigurations = (
				C13C30E81E6CF05B006535BC /* Debug */,
				C13C30E91E6CF05B006535BC /* Release */,
			);
			defaultConfigurationIsVisible = 0;
			defaultConfigurationName = Release;
		};
		C13C30EA1E6CF05B006535BC /* Build configuration list for PBXNativeTarget "百思不得姐Tests" */ = {
			isa = XCConfigurationList;
			buildConfigurations = (
				C13C30EB1E6CF05B006535BC /* Debug */,
				C13C30EC1E6CF05B006535BC /* Release */,
			);
			defaultConfigurationIsVisible = 0;
			defaultConfigurationName = Release;
		};
		C13C30ED1E6CF05B006535BC /* Build configuration list for PBXNativeTarget "百思不得姐UITests" */ = {
			isa = XCConfigurationList;
			buildConfigurations = (
				C13C30EE1E6CF05B006535BC /* Debug */,
				C13C30EF1E6CF05B006535BC /* Release */,
			);
			defaultConfigurationIsVisible = 0;
			defaultConfigurationName = Release;
		};
/* End XCConfigurationList section */
	};
	rootObject = C13C30B21E6CF05A006535BC /* Project object */;
}
